// !$*UTF8*$!
{
	archiveVersion = 1;
	classes = {
	};
	objectVersion = 46;
	objects = {

/* Begin PBXBuildFile section */
		175ED5E0656B170FDD201987 /* Pods_SocialPoster.framework in Frameworks */ = {isa = PBXBuildFile; fileRef = 6D3AEFA27CDDDE6EAA630D7E /* Pods_SocialPoster.framework */; };
		FE6275D91DEBA6EF00AF6AEB /* AppDelegate.swift in Sources */ = {isa = PBXBuildFile; fileRef = FE6275D81DEBA6EF00AF6AEB /* AppDelegate.swift */; };
		FE6275DB1DEBA6EF00AF6AEB /* SignInVC.swift in Sources */ = {isa = PBXBuildFile; fileRef = FE6275DA1DEBA6EF00AF6AEB /* SignInVC.swift */; };
		FE6275DE1DEBA6EF00AF6AEB /* Main.storyboard in Resources */ = {isa = PBXBuildFile; fileRef = FE6275DC1DEBA6EF00AF6AEB /* Main.storyboard */; };
		FE6275E01DEBA6EF00AF6AEB /* Assets.xcassets in Resources */ = {isa = PBXBuildFile; fileRef = FE6275DF1DEBA6EF00AF6AEB /* Assets.xcassets */; };
		FE6275E31DEBA6EF00AF6AEB /* LaunchScreen.storyboard in Resources */ = {isa = PBXBuildFile; fileRef = FE6275E11DEBA6EF00AF6AEB /* LaunchScreen.storyboard */; };
		FE6275EB1DEBA87700AF6AEB /* GoogleService-Info.plist in Resources */ = {isa = PBXBuildFile; fileRef = FE6275EA1DEBA87700AF6AEB /* GoogleService-Info.plist */; };
/* End PBXBuildFile section */

/* Begin PBXFileReference section */
		6D3AEFA27CDDDE6EAA630D7E /* Pods_SocialPoster.framework */ = {isa = PBXFileReference; explicitFileType = wrapper.framework; includeInIndex = 0; path = Pods_SocialPoster.framework; sourceTree = BUILT_PRODUCTS_DIR; };
		8F8F29DF488974C801607D37 /* Pods-SocialPoster.release.xcconfig */ = {isa = PBXFileReference; includeInIndex = 1; lastKnownFileType = text.xcconfig; name = "Pods-SocialPoster.release.xcconfig"; path = "Pods/Target Support Files/Pods-SocialPoster/Pods-SocialPoster.release.xcconfig"; sourceTree = "<group>"; };
		C1EF2360A19B307450A2DCA4 /* Pods-SocialPoster.debug.xcconfig */ = {isa = PBXFileReference; includeInIndex = 1; lastKnownFileType = text.xcconfig; name = "Pods-SocialPoster.debug.xcconfig"; path = "Pods/Target Support Files/Pods-SocialPoster/Pods-SocialPoster.debug.xcconfig"; sourceTree = "<group>"; };
		FE6275D51DEBA6EF00AF6AEB /* SocialPoster.app */ = {isa = PBXFileReference; explicitFileType = wrapper.application; includeInIndex = 0; path = SocialPoster.app; sourceTree = BUILT_PRODUCTS_DIR; };
		FE6275D81DEBA6EF00AF6AEB /* AppDelegate.swift */ = {isa = PBXFileReference; lastKnownFileType = sourcecode.swift; path = AppDelegate.swift; sourceTree = "<group>"; };
		FE6275DA1DEBA6EF00AF6AEB /* SignInVC.swift */ = {isa = PBXFileReference; lastKnownFileType = sourcecode.swift; path = SignInVC.swift; sourceTree = "<group>"; };
		FE6275DD1DEBA6EF00AF6AEB /* Base */ = {isa = PBXFileReference; lastKnownFileType = file.storyboard; name = Base; path = Base.lproj/Main.storyboard; sourceTree = "<group>"; };
		FE6275DF1DEBA6EF00AF6AEB /* Assets.xcassets */ = {isa = PBXFileReference; lastKnownFileType = folder.assetcatalog; path = Assets.xcassets; sourceTree = "<group>"; };
		FE6275E21DEBA6EF00AF6AEB /* Base */ = {isa = PBXFileReference; lastKnownFileType = file.storyboard; name = Base; path = Base.lproj/LaunchScreen.storyboard; sourceTree = "<group>"; };
		FE6275E41DEBA6EF00AF6AEB /* Info.plist */ = {isa = PBXFileReference; lastKnownFileType = text.plist.xml; path = Info.plist; sourceTree = "<group>"; };
		FE6275EA1DEBA87700AF6AEB /* GoogleService-Info.plist */ = {isa = PBXFileReference; fileEncoding = 4; lastKnownFileType = text.plist.xml; path = "GoogleService-Info.plist"; sourceTree = "<group>"; };
/* End PBXFileReference section */

/* Begin PBXFrameworksBuildPhase section */
		FE6275D21DEBA6EF00AF6AEB /* Frameworks */ = {
			isa = PBXFrameworksBuildPhase;
			buildActionMask = 2147483647;
			files = (
				175ED5E0656B170FDD201987 /* Pods_SocialPoster.framework in Frameworks */,
			);
			runOnlyForDeploymentPostprocessing = 0;
		};
/* End PBXFrameworksBuildPhase section */

/* Begin PBXGroup section */
		982823FDD6D464C86A67E999 /* Frameworks */ = {
			isa = PBXGroup;
			children = (
				6D3AEFA27CDDDE6EAA630D7E /* Pods_SocialPoster.framework */,
			);
			name = Frameworks;
			sourceTree = "<group>";
		};
		9848F9A46A380B6F63A3FB23 /* Pods */ = {
			isa = PBXGroup;
			children = (
				C1EF2360A19B307450A2DCA4 /* Pods-SocialPoster.debug.xcconfig */,
				8F8F29DF488974C801607D37 /* Pods-SocialPoster.release.xcconfig */,
			);
			name = Pods;
			sourceTree = "<group>";
		};
		FE6275CC1DEBA6EF00AF6AEB = {
			isa = PBXGroup;
			children = (
				FE6275D71DEBA6EF00AF6AEB /* SocialPoster */,
				FE6275D61DEBA6EF00AF6AEB /* Products */,
				9848F9A46A380B6F63A3FB23 /* Pods */,
				982823FDD6D464C86A67E999 /* Frameworks */,
			);
			sourceTree = "<group>";
		};
		FE6275D61DEBA6EF00AF6AEB /* Products */ = {
			isa = PBXGroup;
			children = (
				FE6275D51DEBA6EF00AF6AEB /* SocialPoster.app */,
			);
			name = Products;
			sourceTree = "<group>";
		};
		FE6275D71DEBA6EF00AF6AEB /* SocialPoster */ = {
			isa = PBXGroup;
			children = (
				FE6275EC1DEBAB5000AF6AEB /* Model */,
				FE6275ED1DEBAB5600AF6AEB /* View */,
				FE6275EE1DEBAB5C00AF6AEB /* Controller */,
				FE6275D81DEBA6EF00AF6AEB /* AppDelegate.swift */,
				FE6275DC1DEBA6EF00AF6AEB /* Main.storyboard */,
				FE6275DF1DEBA6EF00AF6AEB /* Assets.xcassets */,
				FE6275E11DEBA6EF00AF6AEB /* LaunchScreen.storyboard */,
				FE6275E41DEBA6EF00AF6AEB /* Info.plist */,
				FE6275EA1DEBA87700AF6AEB /* GoogleService-Info.plist */,
			);
			path = SocialPoster;
			sourceTree = "<group>";
		};
		FE6275EC1DEBAB5000AF6AEB /* Model */ = {
			isa = PBXGroup;
			children = (
			);
			name = Model;
			sourceTree = "<group>";
		};
		FE6275ED1DEBAB5600AF6AEB /* View */ = {
			isa = PBXGroup;
			children = (
			);
			name = View;
			sourceTree = "<group>";
		};
		FE6275EE1DEBAB5C00AF6AEB /* Controller */ = {
			isa = PBXGroup;
			children = (
				FE6275DA1DEBA6EF00AF6AEB /* SignInVC.swift */,
			);
			name = Controller;
			sourceTree = "<group>";
		};
/* End PBXGroup section */

/* Begin PBXNativeTarget section */
		FE6275D41DEBA6EF00AF6AEB /* SocialPoster */ = {
			isa = PBXNativeTarget;
			buildConfigurationList = FE6275E71DEBA6EF00AF6AEB /* Build configuration list for PBXNativeTarget "SocialPoster" */;
			buildPhases = (
				39DBDE0038B7DAD9BB7AA1CA /* [CP] Check Pods Manifest.lock */,
				FE6275D11DEBA6EF00AF6AEB /* Sources */,
				FE6275D21DEBA6EF00AF6AEB /* Frameworks */,
				FE6275D31DEBA6EF00AF6AEB /* Resources */,
				408F47A5DFE6D5B5AA03916B /* [CP] Embed Pods Frameworks */,
				13BDEF11438F39E8BEC0D3EA /* [CP] Copy Pods Resources */,
			);
			buildRules = (
			);
			dependencies = (
			);
			name = SocialPoster;
			productName = SocialPoster;
			productReference = FE6275D51DEBA6EF00AF6AEB /* SocialPoster.app */;
			productType = "com.apple.product-type.application";
		};
/* End PBXNativeTarget section */

/* Begin PBXProject section */
		FE6275CD1DEBA6EF00AF6AEB /* Project object */ = {
			isa = PBXProject;
			attributes = {
				LastSwiftUpdateCheck = 0810;
				LastUpgradeCheck = 0810;
				ORGANIZATIONNAME = PomHaffs;
				TargetAttributes = {
					FE6275D41DEBA6EF00AF6AEB = {
						CreatedOnToolsVersion = 8.1;
						DevelopmentTeam = 37N4597A88;
						ProvisioningStyle = Automatic;
					};
				};
			};
			buildConfigurationList = FE6275D01DEBA6EF00AF6AEB /* Build configuration list for PBXProject "SocialPoster" */;
			compatibilityVersion = "Xcode 3.2";
			developmentRegion = English;
			hasScannedForEncodings = 0;
			knownRegions = (
				en,
				Base,
			);
			mainGroup = FE6275CC1DEBA6EF00AF6AEB;
			productRefGroup = FE6275D61DEBA6EF00AF6AEB /* Products */;
			projectDirPath = "";
			projectRoot = "";
			targets = (
				FE6275D41DEBA6EF00AF6AEB /* SocialPoster */,
			);
		};
/* End PBXProject section */

/* Begin PBXResourcesBuildPhase section */
		FE6275D31DEBA6EF00AF6AEB /* Resources */ = {
			isa = PBXResourcesBuildPhase;
			buildActionMask = 2147483647;
			files = (
				FE6275E31DEBA6EF00AF6AEB /* LaunchScreen.storyboard in Resources */,
				FE6275E01DEBA6EF00AF6AEB /* Assets.xcassets in Resources */,
				FE6275DE1DEBA6EF00AF6AEB /* Main.storyboard in Resources */,
				FE6275EB1DEBA87700AF6AEB /* GoogleService-Info.plist in Resources */,
			);
			runOnlyForDeploymentPostprocessing = 0;
		};
/* End PBXResourcesBuildPhase section */

/* Begin PBXShellScriptBuildPhase section */
		13BDEF11438F39E8BEC0D3EA /* [CP] Copy Pods Resources */ = {
			isa = PBXShellScriptBuildPhase;
			buildActionMask = 2147483647;
			files = (
			);
			inputPaths = (
			);
			name = "[CP] Copy Pods Resources";
			outputPaths = (
			);
			runOnlyForDeploymentPostprocessing = 0;
			shellPath = /bin/sh;
			shellScript = "\"${SRCROOT}/Pods/Target Support Files/Pods-SocialPoster/Pods-SocialPoster-resources.sh\"\n";
			showEnvVarsInLog = 0;
		};
		39DBDE0038B7DAD9BB7AA1CA /* [CP] Check Pods Manifest.lock */ = {
			isa = PBXShellScriptBuildPhase;
			buildActionMask = 2147483647;
			files = (
			);
			inputPaths = (
			);
			name = "[CP] Check Pods Manifest.lock";
			outputPaths = (
			);
			runOnlyForDeploymentPostprocessing = 0;
			shellPath = /bin/sh;
			shellScript = "diff \"${PODS_ROOT}/../Podfile.lock\" \"${PODS_ROOT}/Manifest.lock\" > /dev/null\nif [ $? != 0 ] ; then\n    # print error to STDERR\n    echo \"error: The sandbox is not in sync with the Podfile.lock. Run 'pod install' or update your CocoaPods installation.\" >&2\n    exit 1\nfi\n";
			showEnvVarsInLog = 0;
		};
		408F47A5DFE6D5B5AA03916B /* [CP] Embed Pods Frameworks */ = {
			isa = PBXShellScriptBuildPhase;
			buildActionMask = 2147483647;
			files = (
			);
			inputPaths = (
			);
			name = "[CP] Embed Pods Frameworks";
			outputPaths = (
			);
			runOnlyForDeploymentPostprocessing = 0;
			shellPath = /bin/sh;
			shellScript = "\"${SRCROOT}/Pods/Target Support Files/Pods-SocialPoster/Pods-SocialPoster-frameworks.sh\"\n";
			showEnvVarsInLog = 0;
		};
/* End PBXShellScriptBuildPhase section */

/* Begin PBXSourcesBuildPhase section */
		FE6275D11DEBA6EF00AF6AEB /* Sources */ = {
			isa = PBXSourcesBuildPhase;
			buildActionMask = 2147483647;
			files = (
				FE6275DB1DEBA6EF00AF6AEB /* SignInVC.swift in Sources */,
				FE6275D91DEBA6EF00AF6AEB /* AppDelegate.swift in Sources */,
			);
			runOnlyForDeploymentPostprocessing = 0;
		};
/* End PBXSourcesBuildPhase section */

/* Begin PBXVariantGroup section */
		FE6275DC1DEBA6EF00AF6AEB /* Main.storyboard */ = {
			isa = PBXVariantGroup;
			children = (
				FE6275DD1DEBA6EF00AF6AEB /* Base */,
			);
			name = Main.storyboard;
			sourceTree = "<group>";
		};
		FE6275E11DEBA6EF00AF6AEB /* LaunchScreen.storyboard */ = {
			isa = PBXVariantGroup;
			children = (
				FE6275E21DEBA6EF00AF6AEB /* Base */,
			);
			name = LaunchScreen.storyboard;
			sourceTree = "<group>";
		};
/* End PBXVariantGroup section */

/* Begin XCBuildConfiguration section */
		FE6275E51DEBA6EF00AF6AEB /* Debug */ = {
			isa = XCBuildConfiguration;
			buildSettings = {
				ALWAYS_SEARCH_USER_PATHS = NO;
				CLANG_ANALYZER_NONNULL = YES;
				CLANG_CXX_LANGUAGE_STANDARD = "gnu++0x";
				CLANG_CXX_LIBRARY = "libc++";
				CLANG_ENABLE_MODULES = YES;
				CLANG_ENABLE_OBJC_ARC = YES;
				CLANG_WARN_BOOL_CONVERSION = YES;
				CLANG_WARN_CONSTANT_CONVERSION = YES;
				CLANG_WARN_DIRECT_OBJC_ISA_USAGE = YES_ERROR;
				CLANG_WARN_DOCUMENTATION_COMMENTS = YES;
				CLANG_WARN_EMPTY_BODY = YES;
				CLANG_WARN_ENUM_CONVERSION = YES;
				CLANG_WARN_INFINITE_RECURSION = YES;
				CLANG_WARN_INT_CONVERSION = YES;
				CLANG_WARN_OBJC_ROOT_CLASS = YES_ERROR;
				CLANG_WARN_SUSPICIOUS_MOVES = YES;
				CLANG_WARN_UNREACHABLE_CODE = YES;
				CLANG_WARN__DUPLICATE_METHOD_MATCH = YES;
				"CODE_SIGN_IDENTITY[sdk=iphoneos*]" = "iPhone Developer";
				COPY_PHASE_STRIP = NO;
				DEBUG_INFORMATION_FORMAT = dwarf;
				ENABLE_STRICT_OBJC_MSGSEND = YES;
				ENABLE_TESTABILITY = YES;
				GCC_C_LANGUAGE_STANDARD = gnu99;
				GCC_DYNAMIC_NO_PIC = NO;
				GCC_NO_COMMON_BLOCKS = YES;
				GCC_OPTIMIZATION_LEVEL = 0;
				GCC_PREPROCESSOR_DEFINITIONS = (
					"DEBUG=1",
					"$(inherited)",
				);
				GCC_WARN_64_TO_32_BIT_CONVERSION = YES;
				GCC_WARN_ABOUT_RETURN_TYPE = YES_ERROR;
				GCC_WARN_UNDECLARED_SELECTOR = YES;
				GCC_WARN_UNINITIALIZED_AUTOS = YES_AGGRESSIVE;
				GCC_WARN_UNUSED_FUNCTION = YES;
				GCC_WARN_UNUSED_VARIABLE = YES;
				IPHONEOS_DEPLOYMENT_TARGET = 10.1;
				MTL_ENABLE_DEBUG_INFO = YES;
				ONLY_ACTIVE_ARCH = YES;
				SDKROOT = iphoneos;
				SWIFT_ACTIVE_COMPILATION_CONDITIONS = DEBUG;
				SWIFT_OPTIMIZATION_LEVEL = "-Onone";
				TARGETED_DEVICE_FAMILY = "1,2";
			};
			name = Debug;
		};
		FE6275E61DEBA6EF00AF6AEB /* Release */ = {
			isa = XCBuildConfiguration;
			buildSettings = {
				ALWAYS_SEARCH_USER_PATHS = NO;
				CLANG_ANALYZER_NONNULL = YES;
				CLANG_CXX_LANGUAGE_STANDARD = "gnu++0x";
				CLANG_CXX_LIBRARY = "libc++";
				CLANG_ENABLE_MODULES = YES;
				CLANG_ENABLE_OBJC_ARC = YES;
				CLANG_WARN_BOOL_CONVERSION = YES;
				CLANG_WARN_CONSTANT_CONVERSION = YES;
				CLANG_WARN_DIRECT_OBJC_ISA_USAGE = YES_ERROR;
				CLANG_WARN_DOCUMENTATION_COMMENTS = YES;
				CLANG_WARN_EMPTY_BODY = YES;
				CLANG_WARN_ENUM_CONVERSION = YES;
				CLANG_WARN_INFINITE_RECURSION = YES;
				CLANG_WARN_INT_CONVERSION = YES;
				CLANG_WARN_OBJC_ROOT_CLASS = YES_ERROR;
				CLANG_WARN_SUSPICIOUS_MOVES = YES;
				CLANG_WARN_UNREACHABLE_CODE = YES;
				CLANG_WARN__DUPLICATE_METHOD_MATCH = YES;
				"CODE_SIGN_IDENTITY[sdk=iphoneos*]" = "iPhone Developer";
				COPY_PHASE_STRIP = NO;
				DEBUG_INFORMATION_FORMAT = "dwarf-with-dsym";
				ENABLE_NS_ASSERTIONS = NO;
				ENABLE_STRICT_OBJC_MSGSEND = YES;
				GCC_C_LANGUAGE_STANDARD = gnu99;
				GCC_NO_COMMON_BLOCKS = YES;
				GCC_WARN_64_TO_32_BIT_CONVERSION = YES;
				GCC_WARN_ABOUT_RETURN_TYPE = YES_ERROR;
				GCC_WARN_UNDECLARED_SELECTOR = YES;
				GCC_WARN_UNINITIALIZED_AUTOS = YES_AGGRESSIVE;
				GCC_WARN_UNUSED_FUNCTION = YES;
				GCC_WARN_UNUSED_VARIABLE = YES;
				IPHONEOS_DEPLOYMENT_TARGET = 10.1;
				MTL_ENABLE_DEBUG_INFO = NO;
				SDKROOT = iphoneos;
				SWIFT_OPTIMIZATION_LEVEL = "-Owholemodule";
				TARGETED_DEVICE_FAMILY = "1,2";
				VALIDATE_PRODUCT = YES;
			};
			name = Release;
		};
		FE6275E81DEBA6EF00AF6AEB /* Debug */ = {
			isa = XCBuildConfiguration;
			baseConfigurationReference = C1EF2360A19B307450A2DCA4 /* Pods-SocialPoster.debug.xcconfig */;
			buildSettings = {
				ASSETCATALOG_COMPILER_APPICON_NAME = AppIcon;
				DEVELOPMENT_TEAM = 37N4597A88;
				INFOPLIST_FILE = SocialPoster/Info.plist;
				LD_RUNPATH_SEARCH_PATHS = "$(inherited) @executable_path/Frameworks";
				PRODUCT_BUNDLE_IDENTIFIER = PomHaffs.SocialPoster;
				PRODUCT_NAME = "$(TARGET_NAME)";
				SWIFT_VERSION = 3.0;
			};
			name = Debug;
		};
		FE6275E91DEBA6EF00AF6AEB /* Release */ = {
			isa = XCBuildConfiguration;
			baseConfigurationReference = 8F8F29DF488974C801607D37 /* Pods-SocialPoster.release.xcconfig */;
			buildSettings = {
				ASSETCATALOG_COMPILER_APPICON_NAME = AppIcon;
				DEVELOPMENT_TEAM = 37N4597A88;
				INFOPLIST_FILE = SocialPoster/Info.plist;
				LD_RUNPATH_SEARCH_PATHS = "$(inherited) @executable_path/Frameworks";
				PRODUCT_BUNDLE_IDENTIFIER = PomHaffs.SocialPoster;
				PRODUCT_NAME = "$(TARGET_NAME)";
				SWIFT_VERSION = 3.0;
			};
			name = Release;
		};
/* End XCBuildConfiguration section */

/* Begin XCConfigurationList section */
		FE6275D01DEBA6EF00AF6AEB /* Build configuration list for PBXProject "SocialPoster" */ = {
			isa = XCConfigurationList;
			buildConfigurations = (
				FE6275E51DEBA6EF00AF6AEB /* Debug */,
				FE6275E61DEBA6EF00AF6AEB /* Release */,
			);
			defaultConfigurationIsVisible = 0;
			defaultConfigurationName = Release;
		};
		FE6275E71DEBA6EF00AF6AEB /* Build configuration list for PBXNativeTarget "SocialPoster" */ = {
			isa = XCConfigurationList;
			buildConfigurations = (
				FE6275E81DEBA6EF00AF6AEB /* Debug */,
				FE6275E91DEBA6EF00AF6AEB /* Release */,
			);
			defaultConfigurationIsVisible = 0;
			defaultConfigurationName = Release;
		};
/* End XCConfigurationList section */
	};
	rootObject = FE6275CD1DEBA6EF00AF6AEB /* Project object */;
}
